
Microsoft Visual Studio Solution File, Format Version 12.00
# Visual Studio Version 16
VisualStudioVersion = 16.0.30104.148
MinimumVisualStudioVersion = 10.0.40219.1
Project("{9A19103F-16F7-4668-BE54-9A1E7A4F7556}") = "greenSacrifice.Blazor", "greenSacrifice\greenSacrifice.Blazor\greenSacrifice.Blazor.csproj", "{0EB2D211-A315-4EB2-BBB7-597F0B6270B8}"
EndProject
Project("{9A19103F-16F7-4668-BE54-9A1E7A4F7556}") = "greenSacrifice.Blazor.Common", "greenSacrifice\greenSacrifice.Blazor.Common\greenSacrifice.Blazor.Common.csproj", "{E13ABB07-0F9F-40FC-B422-3D65FA396049}"
EndProject
Project("{9A19103F-16F7-4668-BE54-9A1E7A4F7556}") = "greenSacrifice.Blazor.Models", "greenSacrifice\greenSacrifice.Blazor.Models\greenSacrifice.Blazor.Models.csproj", "{CF5C9AED-10AC-42D6-9673-3DD387DFCE29}"
EndProject
Project("{9A19103F-16F7-4668-BE54-9A1E7A4F7556}") = "greenSacrifice.Blazor.Repo", "greenSacrifice\greenSacrifice.Blazor.Repo\greenSacrifice.Blazor.Repo.csproj", "{8C6F9E96-DC22-4A90-BF38-CED7B3504254}"
EndProject
Project("{9A19103F-16F7-4668-BE54-9A1E7A4F7556}") = "greenSacrifice.Blazor.Svc", "greenSacrifice\greenSacrifice.Blazor.Svc\greenSacrifice.Blazor.Svc.csproj", "{9DF002C5-5363-473C-8EF3-BAD8395F4E36}"
EndProject
Project("{00D1A9C2-B5F0-4AF3-8072-F6C62B433612}") = "greenSacrifice.Blazor.Database", "greenSacrifice\greenSacrifice.Blazor.Database\greenSacrifice.Blazor.Database.sqlproj", "{A202DD5C-3452-4088-81A9-551813D2281D}"
EndProject
Project("{151D2E53-A2C4-4D7D-83FE-D05416EBD58E}") = "greenSacrifice.Blazor.Deployment", "greenSacrifice\greenSacrifice.Blazor.Deployment\greenSacrifice.Blazor.Deployment\greenSacrifice.Blazor.Deployment.deployproj", "{A9005D0C-59CF-4467-A94A-AF34B6B2E1D3}"
EndProject
Global
	GlobalSection(SolutionConfigurationPlatforms) = preSolution
		Debug|Any CPU = Debug|Any CPU
		Release|Any CPU = Release|Any CPU
	EndGlobalSection
	GlobalSection(ProjectConfigurationPlatforms) = postSolution
		{0EB2D211-A315-4EB2-BBB7-597F0B6270B8}.Debug|Any CPU.ActiveCfg = Debug|Any CPU
		{0EB2D211-A315-4EB2-BBB7-597F0B6270B8}.Debug|Any CPU.Build.0 = Debug|Any CPU
		{0EB2D211-A315-4EB2-BBB7-597F0B6270B8}.Release|Any CPU.ActiveCfg = Release|Any CPU
		{0EB2D211-A315-4EB2-BBB7-597F0B6270B8}.Release|Any CPU.Build.0 = Release|Any CPU
		{E13ABB07-0F9F-40FC-B422-3D65FA396049}.Debug|Any CPU.ActiveCfg = Debug|Any CPU
		{E13ABB07-0F9F-40FC-B422-3D65FA396049}.Debug|Any CPU.Build.0 = Debug|Any CPU
		{E13ABB07-0F9F-40FC-B422-3D65FA396049}.Release|Any CPU.ActiveCfg = Release|Any CPU
		{E13ABB07-0F9F-40FC-B422-3D65FA396049}.Release|Any CPU.Build.0 = Release|Any CPU
		{CF5C9AED-10AC-42D6-9673-3DD387DFCE29}.Debug|Any CPU.ActiveCfg = Debug|Any CPU
		{CF5C9AED-10AC-42D6-9673-3DD387DFCE29}.Debug|Any CPU.Build.0 = Debug|Any CPU
		{CF5C9AED-10AC-42D6-9673-3DD387DFCE29}.Release|Any CPU.ActiveCfg = Release|Any CPU
		{CF5C9AED-10AC-42D6-9673-3DD387DFCE29}.Release|Any CPU.Build.0 = Release|Any CPU
		{8C6F9E96-DC22-4A90-BF38-CED7B3504254}.Debug|Any CPU.ActiveCfg = Debug|Any CPU
		{8C6F9E96-DC22-4A90-BF38-CED7B3504254}.Debug|Any CPU.Build.0 = Debug|Any CPU
		{8C6F9E96-DC22-4A90-BF38-CED7B3504254}.Release|Any CPU.ActiveCfg = Release|Any CPU
		{8C6F9E96-DC22-4A90-BF38-CED7B3504254}.Release|Any CPU.Build.0 = Release|Any CPU
		{9DF002C5-5363-473C-8EF3-BAD8395F4E36}.Debug|Any CPU.ActiveCfg = Debug|Any CPU
		{9DF002C5-5363-473C-8EF3-BAD8395F4E36}.Debug|Any CPU.Build.0 = Debug|Any CPU
		{9DF002C5-5363-473C-8EF3-BAD8395F4E36}.Release|Any CPU.ActiveCfg = Release|Any CPU
		{9DF002C5-5363-473C-8EF3-BAD8395F4E36}.Release|Any CPU.Build.0 = Release|Any CPU
		{A202DD5C-3452-4088-81A9-551813D2281D}.Debug|Any CPU.ActiveCfg = Debug|Any CPU
		{A202DD5C-3452-4088-81A9-551813D2281D}.Debug|Any CPU.Build.0 = Debug|Any CPU
		{A202DD5C-3452-4088-81A9-551813D2281D}.Debug|Any CPU.Deploy.0 = Debug|Any CPU
		{A202DD5C-3452-4088-81A9-551813D2281D}.Release|Any CPU.ActiveCfg = Release|Any CPU
		{A202DD5C-3452-4088-81A9-551813D2281D}.Release|Any CPU.Build.0 = Release|Any CPU
		{A202DD5C-3452-4088-81A9-551813D2281D}.Release|Any CPU.Deploy.0 = Release|Any CPU
		{A9005D0C-59CF-4467-A94A-AF34B6B2E1D3}.Debug|Any CPU.ActiveCfg = Debug|Any CPU
		{A9005D0C-59CF-4467-A94A-AF34B6B2E1D3}.Debug|Any CPU.Build.0 = Debug|Any CPU
		{A9005D0C-59CF-4467-A94A-AF34B6B2E1D3}.Release|Any CPU.ActiveCfg = Release|Any CPU
		{A9005D0C-59CF-4467-A94A-AF34B6B2E1D3}.Release|Any CPU.Build.0 = Release|Any CPU
	EndGlobalSection
	GlobalSection(SolutionProperties) = preSolution
		HideSolutionNode = FALSE
	EndGlobalSection
	GlobalSection(ExtensibilityGlobals) = postSolution
		SolutionGuid = {3F92C1DA-8C6E-4935-B575-1453BD4805E2}
	EndGlobalSection
EndGlobal
